
Microsoft Visual Studio Solution File, Format Version 12.00
# Visual Studio Version 16
VisualStudioVersion = 16.0.29102.190
MinimumVisualStudioVersion = 10.0.40219.1
Project("{FAE04EC0-301F-11D3-BF4B-00C04F79EFBC}") = "InnerInner", "InnerInner\InnerInner.csproj", "{393BD048-E228-45EC-B23D-9CE5454883AB}"
EndProject
Global
	GlobalSection(SolutionConfigurationPlatforms) = preSolution
		Debug|Any CPU = Debug|Any CPU
		Release|Any CPU = Release|Any CPU
	EndGlobalSection
	GlobalSection(ProjectConfigurationPlatforms) = postSolution
		{393BD048-E228-45EC-B23D-9CE5454883AB}.Debug|Any CPU.ActiveCfg = Debug|Any CPU
		{393BD048-E228-45EC-B23D-9CE5454883AB}.Debug|Any CPU.Build.0 = Debug|Any CPU
		{393BD048-E228-45EC-B23D-9CE5454883AB}.Release|Any CPU.ActiveCfg = Release|Any CPU
		{393BD048-E228-45EC-B23D-9CE5454883AB}.Release|Any CPU.Build.0 = Release|Any CPU
	EndGlobalSection
	GlobalSection(SolutionProperties) = preSolution
		HideSolutionNode = FALSE
	EndGlobalSection
	GlobalSection(ExtensibilityGlobals) = postSolution
		SolutionGuid = {B1BC54B4-3CA9-4E93-A4D9-A6E84FB88CCE}
	EndGlobalSection
EndGlobal
