
Microsoft Visual Studio Solution File, Format Version 12.00
# Visual Studio Version 16
VisualStudioVersion = 16.0.29020.237
MinimumVisualStudioVersion = 10.0.40219.1
Project("{FAE04EC0-301F-11D3-BF4B-00C04F79EFBC}") = "Beep", "Beep.csproj", "{22EF18A4-6592-47B2-BE23-F7F1EDB66603}"
EndProject
Global
	GlobalSection(SolutionConfigurationPlatforms) = preSolution
		Debug|Any CPU = Debug|Any CPU
		Release|Any CPU = Release|Any CPU
	EndGlobalSection
	GlobalSection(ProjectConfigurationPlatforms) = postSolution
		{22EF18A4-6592-47B2-BE23-F7F1EDB66603}.Debug|Any CPU.ActiveCfg = Debug|Any CPU
		{22EF18A4-6592-47B2-BE23-F7F1EDB66603}.Debug|Any CPU.Build.0 = Debug|Any CPU
		{22EF18A4-6592-47B2-BE23-F7F1EDB66603}.Release|Any CPU.ActiveCfg = Release|Any CPU
		{22EF18A4-6592-47B2-BE23-F7F1EDB66603}.Release|Any CPU.Build.0 = Release|Any CPU
	EndGlobalSection
	GlobalSection(SolutionProperties) = preSolution
		HideSolutionNode = FALSE
	EndGlobalSection
	GlobalSection(ExtensibilityGlobals) = postSolution
		SolutionGuid = {63B15F96-87A8-4F4A-A4F6-0AC7A6A93C2C}
	EndGlobalSection
EndGlobal
