
Microsoft Visual Studio Solution File, Format Version 12.00
# Visual Studio Version 16
VisualStudioVersion = 16.0.29102.190
MinimumVisualStudioVersion = 10.0.40219.1
Project("{FAE04EC0-301F-11D3-BF4B-00C04F79EFBC}") = "WebAPI", "WebAPI.csproj", "{5E22C1CF-9984-42BE-9DF9-96AF4522FB27}"
EndProject
Global
	GlobalSection(SolutionConfigurationPlatforms) = preSolution
		Debug|Any CPU = Debug|Any CPU
		Release|Any CPU = Release|Any CPU
	EndGlobalSection
	GlobalSection(ProjectConfigurationPlatforms) = postSolution
		{5E22C1CF-9984-42BE-9DF9-96AF4522FB27}.Debug|Any CPU.ActiveCfg = Debug|Any CPU
		{5E22C1CF-9984-42BE-9DF9-96AF4522FB27}.Debug|Any CPU.Build.0 = Debug|Any CPU
		{5E22C1CF-9984-42BE-9DF9-96AF4522FB27}.Release|Any CPU.ActiveCfg = Release|Any CPU
		{5E22C1CF-9984-42BE-9DF9-96AF4522FB27}.Release|Any CPU.Build.0 = Release|Any CPU
	EndGlobalSection
	GlobalSection(SolutionProperties) = preSolution
		HideSolutionNode = FALSE
	EndGlobalSection
	GlobalSection(ExtensibilityGlobals) = postSolution
		SolutionGuid = {F75C3D11-8547-4300-B2CA-264EC93F575E}
	EndGlobalSection
EndGlobal
