
Microsoft Visual Studio Solution File, Format Version 12.00
# Visual Studio Version 16
VisualStudioVersion = 16.0.29020.237
MinimumVisualStudioVersion = 10.0.40219.1
Project("{FAE04EC0-301F-11D3-BF4B-00C04F79EFBC}") = "ProjetoFinal.Console", "ProjetoFinal.Console.csproj", "{EE270391-A2E3-437A-B1AC-C7E5BB476CFC}"
EndProject
Global
	GlobalSection(SolutionConfigurationPlatforms) = preSolution
		Debug|Any CPU = Debug|Any CPU
		Release|Any CPU = Release|Any CPU
	EndGlobalSection
	GlobalSection(ProjectConfigurationPlatforms) = postSolution
		{EE270391-A2E3-437A-B1AC-C7E5BB476CFC}.Debug|Any CPU.ActiveCfg = Debug|Any CPU
		{EE270391-A2E3-437A-B1AC-C7E5BB476CFC}.Debug|Any CPU.Build.0 = Debug|Any CPU
		{EE270391-A2E3-437A-B1AC-C7E5BB476CFC}.Release|Any CPU.ActiveCfg = Release|Any CPU
		{EE270391-A2E3-437A-B1AC-C7E5BB476CFC}.Release|Any CPU.Build.0 = Release|Any CPU
	EndGlobalSection
	GlobalSection(SolutionProperties) = preSolution
		HideSolutionNode = FALSE
	EndGlobalSection
	GlobalSection(ExtensibilityGlobals) = postSolution
		SolutionGuid = {561E88FF-ACD2-45FE-AAA1-0E6BCD13EA0E}
	EndGlobalSection
EndGlobal
