
Microsoft Visual Studio Solution File, Format Version 12.00
# Visual Studio Version 16
VisualStudioVersion = 16.0.29102.190
MinimumVisualStudioVersion = 10.0.40219.1
Project("{FAE04EC0-301F-11D3-BF4B-00C04F79EFBC}") = "AcessandoDLLDoAmiguinho", "AcessandoDLLDoAmiguinho.csproj", "{43A84D08-AF5F-4477-BED4-925CEE7E548C}"
EndProject
Global
	GlobalSection(SolutionConfigurationPlatforms) = preSolution
		Debug|Any CPU = Debug|Any CPU
		Release|Any CPU = Release|Any CPU
	EndGlobalSection
	GlobalSection(ProjectConfigurationPlatforms) = postSolution
		{43A84D08-AF5F-4477-BED4-925CEE7E548C}.Debug|Any CPU.ActiveCfg = Debug|Any CPU
		{43A84D08-AF5F-4477-BED4-925CEE7E548C}.Debug|Any CPU.Build.0 = Debug|Any CPU
		{43A84D08-AF5F-4477-BED4-925CEE7E548C}.Release|Any CPU.ActiveCfg = Release|Any CPU
		{43A84D08-AF5F-4477-BED4-925CEE7E548C}.Release|Any CPU.Build.0 = Release|Any CPU
	EndGlobalSection
	GlobalSection(SolutionProperties) = preSolution
		HideSolutionNode = FALSE
	EndGlobalSection
	GlobalSection(ExtensibilityGlobals) = postSolution
		SolutionGuid = {FA290CAE-F5F8-4975-98D0-4130D5F3C787}
	EndGlobalSection
EndGlobal
