
Microsoft Visual Studio Solution File, Format Version 12.00
# Visual Studio Version 16
VisualStudioVersion = 16.0.29020.237
MinimumVisualStudioVersion = 10.0.40219.1
Project("{FAE04EC0-301F-11D3-BF4B-00C04F79EFBC}") = "AlocacaoDeCarro-Exercicio", "AlocacaoDeCarro-Exercicio.csproj", "{B4E87AF5-5651-492D-9832-F0BB371BFB5E}"
EndProject
Global
	GlobalSection(SolutionConfigurationPlatforms) = preSolution
		Debug|Any CPU = Debug|Any CPU
		Release|Any CPU = Release|Any CPU
	EndGlobalSection
	GlobalSection(ProjectConfigurationPlatforms) = postSolution
		{B4E87AF5-5651-492D-9832-F0BB371BFB5E}.Debug|Any CPU.ActiveCfg = Debug|Any CPU
		{B4E87AF5-5651-492D-9832-F0BB371BFB5E}.Debug|Any CPU.Build.0 = Debug|Any CPU
		{B4E87AF5-5651-492D-9832-F0BB371BFB5E}.Release|Any CPU.ActiveCfg = Release|Any CPU
		{B4E87AF5-5651-492D-9832-F0BB371BFB5E}.Release|Any CPU.Build.0 = Release|Any CPU
	EndGlobalSection
	GlobalSection(SolutionProperties) = preSolution
		HideSolutionNode = FALSE
	EndGlobalSection
	GlobalSection(ExtensibilityGlobals) = postSolution
		SolutionGuid = {7C5254CC-E21A-4428-807F-87052C9FF2F6}
	EndGlobalSection
EndGlobal
