
Microsoft Visual Studio Solution File, Format Version 12.00
# Visual Studio Version 16
VisualStudioVersion = 16.0.29102.190
MinimumVisualStudioVersion = 10.0.40219.1
Project("{FAE04EC0-301F-11D3-BF4B-00C04F79EFBC}") = "BibliotecaCalculadora", "BibliotecaCalculadora.csproj", "{70024455-BDA7-4EC2-963D-35C02F5D1967}"
EndProject
Project("{FAE04EC0-301F-11D3-BF4B-00C04F79EFBC}") = "UsandoBibliotecaDaCalculadora", "..\ProjetoQueUtilizaProjeto\UsandoBibliotecaDaCalculadora.csproj", "{2A956679-2BB8-4749-8981-D48E2C80E744}"
EndProject
Global
	GlobalSection(SolutionConfigurationPlatforms) = preSolution
		Debug|Any CPU = Debug|Any CPU
		Release|Any CPU = Release|Any CPU
	EndGlobalSection
	GlobalSection(ProjectConfigurationPlatforms) = postSolution
		{70024455-BDA7-4EC2-963D-35C02F5D1967}.Debug|Any CPU.ActiveCfg = Debug|Any CPU
		{70024455-BDA7-4EC2-963D-35C02F5D1967}.Debug|Any CPU.Build.0 = Debug|Any CPU
		{70024455-BDA7-4EC2-963D-35C02F5D1967}.Release|Any CPU.ActiveCfg = Release|Any CPU
		{70024455-BDA7-4EC2-963D-35C02F5D1967}.Release|Any CPU.Build.0 = Release|Any CPU
		{2A956679-2BB8-4749-8981-D48E2C80E744}.Debug|Any CPU.ActiveCfg = Debug|Any CPU
		{2A956679-2BB8-4749-8981-D48E2C80E744}.Debug|Any CPU.Build.0 = Debug|Any CPU
		{2A956679-2BB8-4749-8981-D48E2C80E744}.Release|Any CPU.ActiveCfg = Release|Any CPU
		{2A956679-2BB8-4749-8981-D48E2C80E744}.Release|Any CPU.Build.0 = Release|Any CPU
	EndGlobalSection
	GlobalSection(SolutionProperties) = preSolution
		HideSolutionNode = FALSE
	EndGlobalSection
	GlobalSection(ExtensibilityGlobals) = postSolution
		SolutionGuid = {EEE6372E-7945-4B08-B4A2-59E52099FEFF}
	EndGlobalSection
EndGlobal
