
Microsoft Visual Studio Solution File, Format Version 12.00
# Visual Studio Version 16
VisualStudioVersion = 16.0.29020.237
MinimumVisualStudioVersion = 10.0.40219.1
Project("{FAE04EC0-301F-11D3-BF4B-00C04F79EFBC}") = "ReceitaDeBolo", "ReceitaDeBolo.csproj", "{D3107EB1-BCA8-44C2-95A0-2ACB8FBC2975}"
EndProject
Global
	GlobalSection(SolutionConfigurationPlatforms) = preSolution
		Debug|Any CPU = Debug|Any CPU
		Release|Any CPU = Release|Any CPU
	EndGlobalSection
	GlobalSection(ProjectConfigurationPlatforms) = postSolution
		{D3107EB1-BCA8-44C2-95A0-2ACB8FBC2975}.Debug|Any CPU.ActiveCfg = Debug|Any CPU
		{D3107EB1-BCA8-44C2-95A0-2ACB8FBC2975}.Debug|Any CPU.Build.0 = Debug|Any CPU
		{D3107EB1-BCA8-44C2-95A0-2ACB8FBC2975}.Release|Any CPU.ActiveCfg = Release|Any CPU
		{D3107EB1-BCA8-44C2-95A0-2ACB8FBC2975}.Release|Any CPU.Build.0 = Release|Any CPU
	EndGlobalSection
	GlobalSection(SolutionProperties) = preSolution
		HideSolutionNode = FALSE
	EndGlobalSection
	GlobalSection(ExtensibilityGlobals) = postSolution
		SolutionGuid = {12A12B6D-1054-4CA5-AFE1-8F5B28380AF6}
	EndGlobalSection
EndGlobal
