
Microsoft Visual Studio Solution File, Format Version 12.00
# Visual Studio Version 16
VisualStudioVersion = 16.0.29102.190
MinimumVisualStudioVersion = 10.0.40219.1
Project("{FAE04EC0-301F-11D3-BF4B-00C04F79EFBC}") = "WpfAppNew", "WpfAppNew.csproj", "{53EFD195-1013-4F2A-9F9C-4EDE37DECE93}"
EndProject
Global
	GlobalSection(SolutionConfigurationPlatforms) = preSolution
		Debug|Any CPU = Debug|Any CPU
		Release|Any CPU = Release|Any CPU
	EndGlobalSection
	GlobalSection(ProjectConfigurationPlatforms) = postSolution
		{53EFD195-1013-4F2A-9F9C-4EDE37DECE93}.Debug|Any CPU.ActiveCfg = Debug|Any CPU
		{53EFD195-1013-4F2A-9F9C-4EDE37DECE93}.Debug|Any CPU.Build.0 = Debug|Any CPU
		{53EFD195-1013-4F2A-9F9C-4EDE37DECE93}.Release|Any CPU.ActiveCfg = Release|Any CPU
		{53EFD195-1013-4F2A-9F9C-4EDE37DECE93}.Release|Any CPU.Build.0 = Release|Any CPU
	EndGlobalSection
	GlobalSection(SolutionProperties) = preSolution
		HideSolutionNode = FALSE
	EndGlobalSection
	GlobalSection(ExtensibilityGlobals) = postSolution
		SolutionGuid = {BAAC8D35-CE1E-4730-A4EA-C930518AAD35}
	EndGlobalSection
EndGlobal
